
Microsoft Visual Studio Solution File, Format Version 12.00
# Visual Studio Version 17
VisualStudioVersion = 17.11.35312.102
MinimumVisualStudioVersion = 10.0.40219.1
Project("{9A19103F-16F7-4668-BE54-9A1E7A4F7556}") = "year-converter", "year-converter.csproj", "{A8C2A1ED-1A93-49C9-8653-C80A2BAD1895}"
EndProject
Global
	GlobalSection(SolutionConfigurationPlatforms) = preSolution
		Debug|Any CPU = Debug|Any CPU
		Release|Any CPU = Release|Any CPU
	EndGlobalSection
	GlobalSection(ProjectConfigurationPlatforms) = postSolution
		{A8C2A1ED-1A93-49C9-8653-C80A2BAD1895}.Debug|Any CPU.ActiveCfg = Debug|Any CPU
		{A8C2A1ED-1A93-49C9-8653-C80A2BAD1895}.Debug|Any CPU.Build.0 = Debug|Any CPU
		{A8C2A1ED-1A93-49C9-8653-C80A2BAD1895}.Release|Any CPU.ActiveCfg = Release|Any CPU
		{A8C2A1ED-1A93-49C9-8653-C80A2BAD1895}.Release|Any CPU.Build.0 = Release|Any CPU
	EndGlobalSection
	GlobalSection(SolutionProperties) = preSolution
		HideSolutionNode = FALSE
	EndGlobalSection
	GlobalSection(ExtensibilityGlobals) = postSolution
		SolutionGuid = {86C1E51E-9426-4388-B361-073BB15A752E}
	EndGlobalSection
EndGlobal
